schema: '2.0'
stages:
  prepare:
    cmd: python3 ./src/preprocessing.py
    deps:
    - path: data/1553768847-housing.csv
      hash: md5
      md5: a070d9b42c41e479861e58fc4ef3060e
      size: 1175049
    outs:
    - path: data/preprocessed_test_house.csv
      hash: md5
      md5: 0269513c5de704de0e8c50611277fdec
      size: 228762
    - path: data/preprocessed_training_house.csv
      hash: md5
      md5: a2bd1ccaaedbc86c2acca7a762bbb3b2
      size: 915104
